
Microsoft Visual Studio Solution File, Format Version 12.00
# Visual Studio Version 17
VisualStudioVersion = 17.9.34728.123
MinimumVisualStudioVersion = 10.0.40219.1
Project("{9A19103F-16F7-4668-BE54-9A1E7A4F7556}") = "TL.Api", "TL.Api\TL.Api.csproj", "{FE80E56F-CAC3-4FA5-BA50-AA38A9E0990C}"
EndProject
Project("{9A19103F-16F7-4668-BE54-9A1E7A4F7556}") = "TL.Application", "TL.Application\TL.Application.csproj", "{EAF46B27-B976-4C65-86CE-34A1471914B8}"
EndProject
Project("{9A19103F-16F7-4668-BE54-9A1E7A4F7556}") = "TL.ApplicationDto", "TL.ApplicationDto\TL.ApplicationDto.csproj", "{E81DC2C4-F847-4CFF-A009-E9D0168C2590}"
	ProjectSection(ProjectDependencies) = postProject
		{A5D5D57C-313C-480C-8015-D8B390F91445} = {A5D5D57C-313C-480C-8015-D8B390F91445}
	EndProjectSection
EndProject
Project("{9A19103F-16F7-4668-BE54-9A1E7A4F7556}") = "TL.Core", "TL.Core\TL.Core.csproj", "{A5D5D57C-313C-480C-8015-D8B390F91445}"
EndProject
Project("{9A19103F-16F7-4668-BE54-9A1E7A4F7556}") = "TL.Infrastructure", "TL.Infrastructure\TL.Infrastructure.csproj", "{C18959CE-CCE0-42C9-B4A7-C17EEC8BDE8A}"
EndProject
Global
	GlobalSection(SolutionConfigurationPlatforms) = preSolution
		Debug|Any CPU = Debug|Any CPU
		Release|Any CPU = Release|Any CPU
	EndGlobalSection
	GlobalSection(ProjectConfigurationPlatforms) = postSolution
		{FE80E56F-CAC3-4FA5-BA50-AA38A9E0990C}.Debug|Any CPU.ActiveCfg = Debug|Any CPU
		{FE80E56F-CAC3-4FA5-BA50-AA38A9E0990C}.Debug|Any CPU.Build.0 = Debug|Any CPU
		{FE80E56F-CAC3-4FA5-BA50-AA38A9E0990C}.Release|Any CPU.ActiveCfg = Release|Any CPU
		{FE80E56F-CAC3-4FA5-BA50-AA38A9E0990C}.Release|Any CPU.Build.0 = Release|Any CPU
		{EAF46B27-B976-4C65-86CE-34A1471914B8}.Debug|Any CPU.ActiveCfg = Debug|Any CPU
		{EAF46B27-B976-4C65-86CE-34A1471914B8}.Debug|Any CPU.Build.0 = Debug|Any CPU
		{EAF46B27-B976-4C65-86CE-34A1471914B8}.Release|Any CPU.ActiveCfg = Release|Any CPU
		{EAF46B27-B976-4C65-86CE-34A1471914B8}.Release|Any CPU.Build.0 = Release|Any CPU
		{E81DC2C4-F847-4CFF-A009-E9D0168C2590}.Debug|Any CPU.ActiveCfg = Debug|Any CPU
		{E81DC2C4-F847-4CFF-A009-E9D0168C2590}.Debug|Any CPU.Build.0 = Debug|Any CPU
		{E81DC2C4-F847-4CFF-A009-E9D0168C2590}.Release|Any CPU.ActiveCfg = Release|Any CPU
		{E81DC2C4-F847-4CFF-A009-E9D0168C2590}.Release|Any CPU.Build.0 = Release|Any CPU
		{A5D5D57C-313C-480C-8015-D8B390F91445}.Debug|Any CPU.ActiveCfg = Debug|Any CPU
		{A5D5D57C-313C-480C-8015-D8B390F91445}.Debug|Any CPU.Build.0 = Debug|Any CPU
		{A5D5D57C-313C-480C-8015-D8B390F91445}.Release|Any CPU.ActiveCfg = Release|Any CPU
		{A5D5D57C-313C-480C-8015-D8B390F91445}.Release|Any CPU.Build.0 = Release|Any CPU
		{C18959CE-CCE0-42C9-B4A7-C17EEC8BDE8A}.Debug|Any CPU.ActiveCfg = Debug|Any CPU
		{C18959CE-CCE0-42C9-B4A7-C17EEC8BDE8A}.Debug|Any CPU.Build.0 = Debug|Any CPU
		{C18959CE-CCE0-42C9-B4A7-C17EEC8BDE8A}.Release|Any CPU.ActiveCfg = Release|Any CPU
		{C18959CE-CCE0-42C9-B4A7-C17EEC8BDE8A}.Release|Any CPU.Build.0 = Release|Any CPU
	EndGlobalSection
	GlobalSection(SolutionProperties) = preSolution
		HideSolutionNode = FALSE
	EndGlobalSection
	GlobalSection(ExtensibilityGlobals) = postSolution
		SolutionGuid = {7BE7F88D-8BA7-4982-AFFF-73CFB6B730F1}
	EndGlobalSection
EndGlobal
